Microsoft Visual Studio Solution File, Format Version 12.00
# Visual Studio 14
VisualStudioVersion = 14.0.24720.0
MinimumVisualStudioVersion = 10.0.40219.1
Project("{FAE04EC0-301F-11D3-BF4B-00C04F79EFBC}") = "OsmSharp.Forms.Droid", "OsmSharp.Forms\OsmSharp.Forms.Droid\OsmSharp.Forms.Droid.csproj", "{F3216137-F98E-4A90-980D-38CCD8D55DE8}"
	ProjectSection(ProjectDependencies) = postProject
		{0C5E136B-06CF-4BBE-B6F4-9EE98DCF2BAC} = {0C5E136B-06CF-4BBE-B6F4-9EE98DCF2BAC}
	EndProjectSection
EndProject
Project("{FAE04EC0-301F-11D3-BF4B-00C04F79EFBC}") = "OsmSharp.Forms.iOS", "OsmSharp.Forms\OsmSharp.Forms.iOS\OsmSharp.Forms.iOS.csproj", "{41280E31-6A00-426E-BA09-6CC819E6920A}"
EndProject
Project("{FAE04EC0-301F-11D3-BF4B-00C04F79EFBC}") = "OsmSharp.Forms.WinPhone", "OsmSharp.Forms\OsmSharp.Forms.WinPhone\OsmSharp.Forms.WinPhone.csproj", "{E3E3466E-DF26-49A2-8622-00052A38E7C1}"
EndProject
Project("{FAE04EC0-301F-11D3-BF4B-00C04F79EFBC}") = "OsmSharp.Forms.UWP", "OsmSharp.Forms\OsmSharp.Forms.UWP\OsmSharp.Forms.UWP.csproj", "{4A29D9AD-AD16-418E-A516-A5BE0AA6E6F4}"
EndProject
Project("{FAE04EC0-301F-11D3-BF4B-00C04F79EFBC}") = "OsmSharp.Forms.Windows", "OsmSharp.Forms\OsmSharp.Forms.Windows\OsmSharp.Forms.Windows.csproj", "{51E5322C-91AD-47F1-9F17-372290516A9B}"
EndProject
Project("{FAE04EC0-301F-11D3-BF4B-00C04F79EFBC}") = "OsmSharp.Forms", "OsmSharp.Forms\OsmSharp.Forms\OsmSharp.Forms.csproj", "{0C5E136B-06CF-4BBE-B6F4-9EE98DCF2BAC}"
EndProject
Global
	GlobalSection(SolutionConfigurationPlatforms) = preSolution
		Ad-Hoc|Any CPU = Ad-Hoc|Any CPU
		Ad-Hoc|ARM = Ad-Hoc|ARM
		Ad-Hoc|iPhone = Ad-Hoc|iPhone
		Ad-Hoc|iPhoneSimulator = Ad-Hoc|iPhoneSimulator
		Ad-Hoc|x64 = Ad-Hoc|x64
		Ad-Hoc|x86 = Ad-Hoc|x86
		AppStore|Any CPU = AppStore|Any CPU
		AppStore|ARM = AppStore|ARM
		AppStore|iPhone = AppStore|iPhone
		AppStore|iPhoneSimulator = AppStore|iPhoneSimulator
		AppStore|x64 = AppStore|x64
		AppStore|x86 = AppStore|x86
		Debug|Any CPU = Debug|Any CPU
		Debug|ARM = Debug|ARM
		Debug|iPhone = Debug|iPhone
		Debug|iPhoneSimulator = Debug|iPhoneSimulator
		Debug|x64 = Debug|x64
		Debug|x86 = Debug|x86
		Release|Any CPU = Release|Any CPU
		Release|ARM = Release|ARM
		Release|iPhone = Release|iPhone
		Release|iPhoneSimulator = Release|iPhoneSimulator
		Release|x64 = Release|x64
		Release|x86 = Release|x86
	EndGlobalSection
	GlobalSection(ProjectConfigurationPlatforms) = postSolution
		{F3216137-F98E-4A90-980D-38CCD8D55DE8}.Ad-Hoc|Any CPU.ActiveCfg = Release|Any CPU
		{F3216137-F98E-4A90-980D-38CCD8D55DE8}.Ad-Hoc|Any CPU.Build.0 = Release|Any CPU
		{F3216137-F98E-4A90-980D-38CCD8D55DE8}.Ad-Hoc|Any CPU.Deploy.0 = Release|Any CPU
		{F3216137-F98E-4A90-980D-38CCD8D55DE8}.Ad-Hoc|ARM.ActiveCfg = Release|Any CPU
		{F3216137-F98E-4A90-980D-38CCD8D55DE8}.Ad-Hoc|ARM.Build.0 = Release|Any CPU
		{F3216137-F98E-4A90-980D-38CCD8D55DE8}.Ad-Hoc|ARM.Deploy.0 = Release|Any CPU
		{F3216137-F98E-4A90-980D-38CCD8D55DE8}.Ad-Hoc|iPhone.ActiveCfg = Release|Any CPU
		{F3216137-F98E-4A90-980D-38CCD8D55DE8}.Ad-Hoc|iPhone.Build.0 = Release|Any CPU
		{F3216137-F98E-4A90-980D-38CCD8D55DE8}.Ad-Hoc|iPhone.Deploy.0 = Release|Any CPU
		{F3216137-F98E-4A90-980D-38CCD8D55DE8}.Ad-Hoc|iPhoneSimulator.ActiveCfg = Release|Any CPU
		{F3216137-F98E-4A90-980D-38CCD8D55DE8}.Ad-Hoc|iPhoneSimulator.Build.0 = Release|Any CPU
		{F3216137-F98E-4A90-980D-38CCD8D55DE8}.Ad-Hoc|iPhoneSimulator.Deploy.0 = Release|Any CPU
		{F3216137-F98E-4A90-980D-38CCD8D55DE8}.Ad-Hoc|x64.ActiveCfg = Release|Any CPU
		{F3216137-F98E-4A90-980D-38CCD8D55DE8}.Ad-Hoc|x64.Build.0 = Release|Any CPU
		{F3216137-F98E-4A90-980D-38CCD8D55DE8}.Ad-Hoc|x64.Deploy.0 = Release|Any CPU
		{F3216137-F98E-4A90-980D-38CCD8D55DE8}.Ad-Hoc|x86.ActiveCfg = Release|Any CPU
		{F3216137-F98E-4A90-980D-38CCD8D55DE8}.Ad-Hoc|x86.Build.0 = Release|Any CPU
		{F3216137-F98E-4A90-980D-38CCD8D55DE8}.Ad-Hoc|x86.Deploy.0 = Release|Any CPU
		{F3216137-F98E-4A90-980D-38CCD8D55DE8}.AppStore|Any CPU.ActiveCfg = Release|Any CPU
		{F3216137-F98E-4A90-980D-38CCD8D55DE8}.AppStore|Any CPU.Build.0 = Release|Any CPU
		{F3216137-F98E-4A90-980D-38CCD8D55DE8}.AppStore|Any CPU.Deploy.0 = Release|Any CPU
		{F3216137-F98E-4A90-980D-38CCD8D55DE8}.AppStore|ARM.ActiveCfg = Release|Any CPU
		{F3216137-F98E-4A90-980D-38CCD8D55DE8}.AppStore|ARM.Build.0 = Release|Any CPU
		{F3216137-F98E-4A90-980D-38CCD8D55DE8}.AppStore|ARM.Deploy.0 = Release|Any CPU
		{F3216137-F98E-4A90-980D-38CCD8D55DE8}.AppStore|iPhone.ActiveCfg = Release|Any CPU
		{F3216137-F98E-4A90-980D-38CCD8D55DE8}.AppStore|iPhone.Build.0 = Release|Any CPU
		{F3216137-F98E-4A90-980D-38CCD8D55DE8}.AppStore|iPhone.Deploy.0 = Release|Any CPU
		{F3216137-F98E-4A90-980D-38CCD8D55DE8}.AppStore|iPhoneSimulator.ActiveCfg = Release|Any CPU
		{F3216137-F98E-4A90-980D-38CCD8D55DE8}.AppStore|iPhoneSimulator.Build.0 = Release|Any CPU
		{F3216137-F98E-4A90-980D-38CCD8D55DE8}.AppStore|iPhoneSimulator.Deploy.0 = Release|Any CPU
		{F3216137-F98E-4A90-980D-38CCD8D55DE8}.AppStore|x64.ActiveCfg = Release|Any CPU
		{F3216137-F98E-4A90-980D-38CCD8D55DE8}.AppStore|x64.Build.0 = Release|Any CPU
		{F3216137-F98E-4A90-980D-38CCD8D55DE8}.AppStore|x64.Deploy.0 = Release|Any CPU
		{F3216137-F98E-4A90-980D-38CCD8D55DE8}.AppStore|x86.ActiveCfg = Release|Any CPU
		{F3216137-F98E-4A90-980D-38CCD8D55DE8}.AppStore|x86.Build.0 = Release|Any CPU
		{F3216137-F98E-4A90-980D-38CCD8D55DE8}.AppStore|x86.Deploy.0 = Release|Any CPU
		{F3216137-F98E-4A90-980D-38CCD8D55DE8}.Debug|Any CPU.ActiveCfg = Debug|Any CPU
		{F3216137-F98E-4A90-980D-38CCD8D55DE8}.Debug|Any CPU.Build.0 = Debug|Any CPU
		{F3216137-F98E-4A90-980D-38CCD8D55DE8}.Debug|Any CPU.Deploy.0 = Debug|Any CPU
		{F3216137-F98E-4A90-980D-38CCD8D55DE8}.Debug|ARM.ActiveCfg = Debug|Any CPU
		{F3216137-F98E-4A90-980D-38CCD8D55DE8}.Debug|ARM.Build.0 = Debug|Any CPU
		{F3216137-F98E-4A90-980D-38CCD8D55DE8}.Debug|ARM.Deploy.0 = Debug|Any CPU
		{F3216137-F98E-4A90-980D-38CCD8D55DE8}.Debug|iPhone.ActiveCfg = Debug|Any CPU
		{F3216137-F98E-4A90-980D-38CCD8D55DE8}.Debug|iPhone.Build.0 = Debug|Any CPU
		{F3216137-F98E-4A90-980D-38CCD8D55DE8}.Debug|iPhone.Deploy.0 = Debug|Any CPU
		{F3216137-F98E-4A90-980D-38CCD8D55DE8}.Debug|iPhoneSimulator.ActiveCfg = Debug|Any CPU
		{F3216137-F98E-4A90-980D-38CCD8D55DE8}.Debug|iPhoneSimulator.Build.0 = Debug|Any CPU
		{F3216137-F98E-4A90-980D-38CCD8D55DE8}.Debug|iPhoneSimulator.Deploy.0 = Debug|Any CPU
		{F3216137-F98E-4A90-980D-38CCD8D55DE8}.Debug|x64.ActiveCfg = Debug|Any CPU
		{F3216137-F98E-4A90-980D-38CCD8D55DE8}.Debug|x64.Build.0 = Debug|Any CPU
		{F3216137-F98E-4A90-980D-38CCD8D55DE8}.Debug|x64.Deploy.0 = Debug|Any CPU
		{F3216137-F98E-4A90-980D-38CCD8D55DE8}.Debug|x86.ActiveCfg = Debug|Any CPU
		{F3216137-F98E-4A90-980D-38CCD8D55DE8}.Debug|x86.Build.0 = Debug|Any CPU
		{F3216137-F98E-4A90-980D-38CCD8D55DE8}.Debug|x86.Deploy.0 = Debug|Any CPU
		{F3216137-F98E-4A90-980D-38CCD8D55DE8}.Release|Any CPU.ActiveCfg = Release|Any CPU
		{F3216137-F98E-4A90-980D-38CCD8D55DE8}.Release|Any CPU.Build.0 = Release|Any CPU
		{F3216137-F98E-4A90-980D-38CCD8D55DE8}.Release|Any CPU.Deploy.0 = Release|Any CPU
		{F3216137-F98E-4A90-980D-38CCD8D55DE8}.Release|ARM.ActiveCfg = Release|Any CPU
		{F3216137-F98E-4A90-980D-38CCD8D55DE8}.Release|ARM.Build.0 = Release|Any CPU
		{F3216137-F98E-4A90-980D-38CCD8D55DE8}.Release|ARM.Deploy.0 = Release|Any CPU
		{F3216137-F98E-4A90-980D-38CCD8D55DE8}.Release|iPhone.ActiveCfg = Release|Any CPU
		{F3216137-F98E-4A90-980D-38CCD8D55DE8}.Release|iPhone.Build.0 = Release|Any CPU
		{F3216137-F98E-4A90-980D-38CCD8D55DE8}.Release|iPhone.Deploy.0 = Release|Any CPU
		{F3216137-F98E-4A90-980D-38CCD8D55DE8}.Release|iPhoneSimulator.ActiveCfg = Release|Any CPU
		{F3216137-F98E-4A90-980D-38CCD8D55DE8}.Release|iPhoneSimulator.Build.0 = Release|Any CPU
		{F3216137-F98E-4A90-980D-38CCD8D55DE8}.Release|iPhoneSimulator.Deploy.0 = Release|Any CPU
		{F3216137-F98E-4A90-980D-38CCD8D55DE8}.Release|x64.ActiveCfg = Release|Any CPU
		{F3216137-F98E-4A90-980D-38CCD8D55DE8}.Release|x64.Build.0 = Release|Any CPU
		{F3216137-F98E-4A90-980D-38CCD8D55DE8}.Release|x64.Deploy.0 = Release|Any CPU
		{F3216137-F98E-4A90-980D-38CCD8D55DE8}.Release|x86.ActiveCfg = Release|Any CPU
		{F3216137-F98E-4A90-980D-38CCD8D55DE8}.Release|x86.Build.0 = Release|Any CPU
		{F3216137-F98E-4A90-980D-38CCD8D55DE8}.Release|x86.Deploy.0 = Release|Any CPU
		{41280E31-6A00-426E-BA09-6CC819E6920A}.Ad-Hoc|Any CPU.ActiveCfg = Ad-Hoc|iPhone
		{41280E31-6A00-426E-BA09-6CC819E6920A}.Ad-Hoc|ARM.ActiveCfg = Ad-Hoc|iPhone
		{41280E31-6A00-426E-BA09-6CC819E6920A}.Ad-Hoc|iPhone.ActiveCfg = Ad-Hoc|iPhone
		{41280E31-6A00-426E-BA09-6CC819E6920A}.Ad-Hoc|iPhone.Build.0 = Ad-Hoc|iPhone
		{41280E31-6A00-426E-BA09-6CC819E6920A}.Ad-Hoc|iPhoneSimulator.ActiveCfg = Ad-Hoc|iPhoneSimulator
		{41280E31-6A00-426E-BA09-6CC819E6920A}.Ad-Hoc|iPhoneSimulator.Build.0 = Ad-Hoc|iPhoneSimulator
		{41280E31-6A00-426E-BA09-6CC819E6920A}.Ad-Hoc|x64.ActiveCfg = Ad-Hoc|iPhone
		{41280E31-6A00-426E-BA09-6CC819E6920A}.Ad-Hoc|x86.ActiveCfg = Ad-Hoc|iPhone
		{41280E31-6A00-426E-BA09-6CC819E6920A}.AppStore|Any CPU.ActiveCfg = AppStore|iPhone
		{41280E31-6A00-426E-BA09-6CC819E6920A}.AppStore|ARM.ActiveCfg = AppStore|iPhone
		{41280E31-6A00-426E-BA09-6CC819E6920A}.AppStore|iPhone.ActiveCfg = AppStore|iPhone
		{41280E31-6A00-426E-BA09-6CC819E6920A}.AppStore|iPhone.Build.0 = AppStore|iPhone
		{41280E31-6A00-426E-BA09-6CC819E6920A}.AppStore|iPhoneSimulator.ActiveCfg = AppStore|iPhoneSimulator
		{41280E31-6A00-426E-BA09-6CC819E6920A}.AppStore|iPhoneSimulator.Build.0 = AppStore|iPhoneSimulator
		{41280E31-6A00-426E-BA09-6CC819E6920A}.AppStore|x64.ActiveCfg = AppStore|iPhone
		{41280E31-6A00-426E-BA09-6CC819E6920A}.AppStore|x86.ActiveCfg = AppStore|iPhone
		{41280E31-6A00-426E-BA09-6CC819E6920A}.Debug|Any CPU.ActiveCfg = Debug|iPhone
		{41280E31-6A00-426E-BA09-6CC819E6920A}.Debug|ARM.ActiveCfg = Debug|iPhone
		{41280E31-6A00-426E-BA09-6CC819E6920A}.Debug|iPhone.ActiveCfg = Debug|iPhone
		{41280E31-6A00-426E-BA09-6CC819E6920A}.Debug|iPhone.Build.0 = Debug|iPhone
		{41280E31-6A00-426E-BA09-6CC819E6920A}.Debug|iPhoneSimulator.ActiveCfg = Debug|iPhoneSimulator
		{41280E31-6A00-426E-BA09-6CC819E6920A}.Debug|iPhoneSimulator.Build.0 = Debug|iPhoneSimulator
		{41280E31-6A00-426E-BA09-6CC819E6920A}.Debug|x64.ActiveCfg = Debug|iPhone
		{41280E31-6A00-426E-BA09-6CC819E6920A}.Debug|x86.ActiveCfg = Debug|iPhone
		{41280E31-6A00-426E-BA09-6CC819E6920A}.Release|Any CPU.ActiveCfg = Release|iPhone
		{41280E31-6A00-426E-BA09-6CC819E6920A}.Release|ARM.ActiveCfg = Release|iPhone
		{41280E31-6A00-426E-BA09-6CC819E6920A}.Release|iPhone.ActiveCfg = Release|iPhone
		{41280E31-6A00-426E-BA09-6CC819E6920A}.Release|iPhone.Build.0 = Release|iPhone
		{41280E31-6A00-426E-BA09-6CC819E6920A}.Release|iPhoneSimulator.ActiveCfg = Release|iPhoneSimulator
		{41280E31-6A00-426E-BA09-6CC819E6920A}.Release|iPhoneSimulator.Build.0 = Release|iPhoneSimulator
		{41280E31-6A00-426E-BA09-6CC819E6920A}.Release|x64.ActiveCfg = Release|iPhone
		{41280E31-6A00-426E-BA09-6CC819E6920A}.Release|x86.ActiveCfg = Release|iPhone
		{E3E3466E-DF26-49A2-8622-00052A38E7C1}.Ad-Hoc|Any CPU.ActiveCfg = Release|Any CPU
		{E3E3466E-DF26-49A2-8622-00052A38E7C1}.Ad-Hoc|Any CPU.Build.0 = Release|Any CPU
		{E3E3466E-DF26-49A2-8622-00052A38E7C1}.Ad-Hoc|Any CPU.Deploy.0 = Release|Any CPU
		{E3E3466E-DF26-49A2-8622-00052A38E7C1}.Ad-Hoc|ARM.ActiveCfg = Release|ARM
		{E3E3466E-DF26-49A2-8622-00052A38E7C1}.Ad-Hoc|ARM.Build.0 = Release|ARM
		{E3E3466E-DF26-49A2-8622-00052A38E7C1}.Ad-Hoc|ARM.Deploy.0 = Release|ARM
		{E3E3466E-DF26-49A2-8622-00052A38E7C1}.Ad-Hoc|iPhone.ActiveCfg = Release|Any CPU
		{E3E3466E-DF26-49A2-8622-00052A38E7C1}.Ad-Hoc|iPhone.Build.0 = Release|Any CPU
		{E3E3466E-DF26-49A2-8622-00052A38E7C1}.Ad-Hoc|iPhone.Deploy.0 = Release|Any CPU
		{E3E3466E-DF26-49A2-8622-00052A38E7C1}.Ad-Hoc|iPhoneSimulator.ActiveCfg = Release|Any CPU
		{E3E3466E-DF26-49A2-8622-00052A38E7C1}.Ad-Hoc|iPhoneSimulator.Build.0 = Release|Any CPU
		{E3E3466E-DF26-49A2-8622-00052A38E7C1}.Ad-Hoc|iPhoneSimulator.Deploy.0 = Release|Any CPU
		{E3E3466E-DF26-49A2-8622-00052A38E7C1}.Ad-Hoc|x64.ActiveCfg = Release|Any CPU
		{E3E3466E-DF26-49A2-8622-00052A38E7C1}.Ad-Hoc|x64.Build.0 = Release|Any CPU
		{E3E3466E-DF26-49A2-8622-00052A38E7C1}.Ad-Hoc|x64.Deploy.0 = Release|Any CPU
		{E3E3466E-DF26-49A2-8622-00052A38E7C1}.Ad-Hoc|x86.ActiveCfg = Release|x86
		{E3E3466E-DF26-49A2-8622-00052A38E7C1}.Ad-Hoc|x86.Build.0 = Release|x86
		{E3E3466E-DF26-49A2-8622-00052A38E7C1}.Ad-Hoc|x86.Deploy.0 = Release|x86
		{E3E3466E-DF26-49A2-8622-00052A38E7C1}.AppStore|Any CPU.ActiveCfg = Release|Any CPU
		{E3E3466E-DF26-49A2-8622-00052A38E7C1}.AppStore|Any CPU.Build.0 = Release|Any CPU
		{E3E3466E-DF26-49A2-8622-00052A38E7C1}.AppStore|Any CPU.Deploy.0 = Release|Any CPU
		{E3E3466E-DF26-49A2-8622-00052A38E7C1}.AppStore|ARM.ActiveCfg = Release|ARM
		{E3E3466E-DF26-49A2-8622-00052A38E7C1}.AppStore|ARM.Build.0 = Release|ARM
		{E3E3466E-DF26-49A2-8622-00052A38E7C1}.AppStore|ARM.Deploy.0 = Release|ARM
		{E3E3466E-DF26-49A2-8622-00052A38E7C1}.AppStore|iPhone.ActiveCfg = Release|Any CPU
		{E3E3466E-DF26-49A2-8622-00052A38E7C1}.AppStore|iPhone.Build.0 = Release|Any CPU
		{E3E3466E-DF26-49A2-8622-00052A38E7C1}.AppStore|iPhone.Deploy.0 = Release|Any CPU
		{E3E3466E-DF26-49A2-8622-00052A38E7C1}.AppStore|iPhoneSimulator.ActiveCfg = Release|Any CPU
		{E3E3466E-DF26-49A2-8622-00052A38E7C1}.AppStore|iPhoneSimulator.Build.0 = Release|Any CPU
		{E3E3466E-DF26-49A2-8622-00052A38E7C1}.AppStore|iPhoneSimulator.Deploy.0 = Release|Any CPU
		{E3E3466E-DF26-49A2-8622-00052A38E7C1}.AppStore|x64.ActiveCfg = Release|Any CPU
		{E3E3466E-DF26-49A2-8622-00052A38E7C1}.AppStore|x64.Build.0 = Release|Any CPU
		{E3E3466E-DF26-49A2-8622-00052A38E7C1}.AppStore|x64.Deploy.0 = Release|Any CPU
		{E3E3466E-DF26-49A2-8622-00052A38E7C1}.AppStore|x86.ActiveCfg = Release|x86
		{E3E3466E-DF26-49A2-8622-00052A38E7C1}.AppStore|x86.Build.0 = Release|x86
		{E3E3466E-DF26-49A2-8622-00052A38E7C1}.AppStore|x86.Deploy.0 = Release|x86
		{E3E3466E-DF26-49A2-8622-00052A38E7C1}.Debug|Any CPU.ActiveCfg = Debug|Any CPU
		{E3E3466E-DF26-49A2-8622-00052A38E7C1}.Debug|ARM.ActiveCfg = Debug|ARM
		{E3E3466E-DF26-49A2-8622-00052A38E7C1}.Debug|ARM.Build.0 = Debug|ARM
		{E3E3466E-DF26-49A2-8622-00052A38E7C1}.Debug|ARM.Deploy.0 = Debug|ARM
		{E3E3466E-DF26-49A2-8622-00052A38E7C1}.Debug|iPhone.ActiveCfg = Debug|Any CPU
		{E3E3466E-DF26-49A2-8622-00052A38E7C1}.Debug|iPhone.Build.0 = Debug|Any CPU
		{E3E3466E-DF26-49A2-8622-00052A38E7C1}.Debug|iPhone.Deploy.0 = Debug|Any CPU
		{E3E3466E-DF26-49A2-8622-00052A38E7C1}.Debug|iPhoneSimulator.ActiveCfg = Debug|Any CPU
		{E3E3466E-DF26-49A2-8622-00052A38E7C1}.Debug|iPhoneSimulator.Build.0 = Debug|Any CPU
		{E3E3466E-DF26-49A2-8622-00052A38E7C1}.Debug|iPhoneSimulator.Deploy.0 = Debug|Any CPU
		{E3E3466E-DF26-49A2-8622-00052A38E7C1}.Debug|x64.ActiveCfg = Debug|Any CPU
		{E3E3466E-DF26-49A2-8622-00052A38E7C1}.Debug|x64.Build.0 = Debug|Any CPU
		{E3E3466E-DF26-49A2-8622-00052A38E7C1}.Debug|x64.Deploy.0 = Debug|Any CPU
		{E3E3466E-DF26-49A2-8622-00052A38E7C1}.Debug|x86.ActiveCfg = Debug|x86
		{E3E3466E-DF26-49A2-8622-00052A38E7C1}.Debug|x86.Build.0 = Debug|x86
		{E3E3466E-DF26-49A2-8622-00052A38E7C1}.Debug|x86.Deploy.0 = Debug|x86
		{E3E3466E-DF26-49A2-8622-00052A38E7C1}.Release|Any CPU.ActiveCfg = Release|Any CPU
		{E3E3466E-DF26-49A2-8622-00052A38E7C1}.Release|Any CPU.Build.0 = Release|Any CPU
		{E3E3466E-DF26-49A2-8622-00052A38E7C1}.Release|Any CPU.Deploy.0 = Release|Any CPU
		{E3E3466E-DF26-49A2-8622-00052A38E7C1}.Release|ARM.ActiveCfg = Release|ARM
		{E3E3466E-DF26-49A2-8622-00052A38E7C1}.Release|ARM.Build.0 = Release|ARM
		{E3E3466E-DF26-49A2-8622-00052A38E7C1}.Release|ARM.Deploy.0 = Release|ARM
		{E3E3466E-DF26-49A2-8622-00052A38E7C1}.Release|iPhone.ActiveCfg = Release|Any CPU
		{E3E3466E-DF26-49A2-8622-00052A38E7C1}.Release|iPhone.Build.0 = Release|Any CPU
		{E3E3466E-DF26-49A2-8622-00052A38E7C1}.Release|iPhone.Deploy.0 = Release|Any CPU
		{E3E3466E-DF26-49A2-8622-00052A38E7C1}.Release|iPhoneSimulator.ActiveCfg = Release|Any CPU
		{E3E3466E-DF26-49A2-8622-00052A38E7C1}.Release|iPhoneSimulator.Build.0 = Release|Any CPU
		{E3E3466E-DF26-49A2-8622-00052A38E7C1}.Release|iPhoneSimulator.Deploy.0 = Release|Any CPU
		{E3E3466E-DF26-49A2-8622-00052A38E7C1}.Release|x64.ActiveCfg = Release|Any CPU
		{E3E3466E-DF26-49A2-8622-00052A38E7C1}.Release|x64.Build.0 = Release|Any CPU
		{E3E3466E-DF26-49A2-8622-00052A38E7C1}.Release|x64.Deploy.0 = Release|Any CPU
		{E3E3466E-DF26-49A2-8622-00052A38E7C1}.Release|x86.ActiveCfg = Release|x86
		{E3E3466E-DF26-49A2-8622-00052A38E7C1}.Release|x86.Build.0 = Release|x86
		{E3E3466E-DF26-49A2-8622-00052A38E7C1}.Release|x86.Deploy.0 = Release|x86
		{4A29D9AD-AD16-418E-A516-A5BE0AA6E6F4}.Ad-Hoc|Any CPU.ActiveCfg = Release|x86
		{4A29D9AD-AD16-418E-A516-A5BE0AA6E6F4}.Ad-Hoc|Any CPU.Build.0 = Release|x86
		{4A29D9AD-AD16-418E-A516-A5BE0AA6E6F4}.Ad-Hoc|Any CPU.Deploy.0 = Release|x86
		{4A29D9AD-AD16-418E-A516-A5BE0AA6E6F4}.Ad-Hoc|ARM.ActiveCfg = Release|ARM
		{4A29D9AD-AD16-418E-A516-A5BE0AA6E6F4}.Ad-Hoc|ARM.Build.0 = Release|ARM
		{4A29D9AD-AD16-418E-A516-A5BE0AA6E6F4}.Ad-Hoc|ARM.Deploy.0 = Release|ARM
		{4A29D9AD-AD16-418E-A516-A5BE0AA6E6F4}.Ad-Hoc|iPhone.ActiveCfg = Release|x86
		{4A29D9AD-AD16-418E-A516-A5BE0AA6E6F4}.Ad-Hoc|iPhone.Build.0 = Release|x86
		{4A29D9AD-AD16-418E-A516-A5BE0AA6E6F4}.Ad-Hoc|iPhone.Deploy.0 = Release|x86
		{4A29D9AD-AD16-418E-A516-A5BE0AA6E6F4}.Ad-Hoc|iPhoneSimulator.ActiveCfg = Release|x86
		{4A29D9AD-AD16-418E-A516-A5BE0AA6E6F4}.Ad-Hoc|iPhoneSimulator.Build.0 = Release|x86
		{4A29D9AD-AD16-418E-A516-A5BE0AA6E6F4}.Ad-Hoc|iPhoneSimulator.Deploy.0 = Release|x86
		{4A29D9AD-AD16-418E-A516-A5BE0AA6E6F4}.Ad-Hoc|x64.ActiveCfg = Release|x64
		{4A29D9AD-AD16-418E-A516-A5BE0AA6E6F4}.Ad-Hoc|x64.Build.0 = Release|x64
		{4A29D9AD-AD16-418E-A516-A5BE0AA6E6F4}.Ad-Hoc|x64.Deploy.0 = Release|x64
		{4A29D9AD-AD16-418E-A516-A5BE0AA6E6F4}.Ad-Hoc|x86.ActiveCfg = Release|x86
		{4A29D9AD-AD16-418E-A516-A5BE0AA6E6F4}.Ad-Hoc|x86.Build.0 = Release|x86
		{4A29D9AD-AD16-418E-A516-A5BE0AA6E6F4}.Ad-Hoc|x86.Deploy.0 = Release|x86
		{4A29D9AD-AD16-418E-A516-A5BE0AA6E6F4}.AppStore|Any CPU.ActiveCfg = Release|x86
		{4A29D9AD-AD16-418E-A516-A5BE0AA6E6F4}.AppStore|Any CPU.Build.0 = Release|x86
		{4A29D9AD-AD16-418E-A516-A5BE0AA6E6F4}.AppStore|Any CPU.Deploy.0 = Release|x86
		{4A29D9AD-AD16-418E-A516-A5BE0AA6E6F4}.AppStore|ARM.ActiveCfg = Release|ARM
		{4A29D9AD-AD16-418E-A516-A5BE0AA6E6F4}.AppStore|ARM.Build.0 = Release|ARM
		{4A29D9AD-AD16-418E-A516-A5BE0AA6E6F4}.AppStore|ARM.Deploy.0 = Release|ARM
		{4A29D9AD-AD16-418E-A516-A5BE0AA6E6F4}.AppStore|iPhone.ActiveCfg = Release|x86
		{4A29D9AD-AD16-418E-A516-A5BE0AA6E6F4}.AppStore|iPhone.Build.0 = Release|x86
		{4A29D9AD-AD16-418E-A516-A5BE0AA6E6F4}.AppStore|iPhone.Deploy.0 = Release|x86
		{4A29D9AD-AD16-418E-A516-A5BE0AA6E6F4}.AppStore|iPhoneSimulator.ActiveCfg = Release|x86
		{4A29D9AD-AD16-418E-A516-A5BE0AA6E6F4}.AppStore|iPhoneSimulator.Build.0 = Release|x86
		{4A29D9AD-AD16-418E-A516-A5BE0AA6E6F4}.AppStore|iPhoneSimulator.Deploy.0 = Release|x86
		{4A29D9AD-AD16-418E-A516-A5BE0AA6E6F4}.AppStore|x64.ActiveCfg = Release|x64
		{4A29D9AD-AD16-418E-A516-A5BE0AA6E6F4}.AppStore|x64.Build.0 = Release|x64
		{4A29D9AD-AD16-418E-A516-A5BE0AA6E6F4}.AppStore|x64.Deploy.0 = Release|x64
		{4A29D9AD-AD16-418E-A516-A5BE0AA6E6F4}.AppStore|x86.ActiveCfg = Release|x86
		{4A29D9AD-AD16-418E-A516-A5BE0AA6E6F4}.AppStore|x86.Build.0 = Release|x86
		{4A29D9AD-AD16-418E-A516-A5BE0AA6E6F4}.AppStore|x86.Deploy.0 = Release|x86
		{4A29D9AD-AD16-418E-A516-A5BE0AA6E6F4}.Debug|Any CPU.ActiveCfg = Debug|x86
		{4A29D9AD-AD16-418E-A516-A5BE0AA6E6F4}.Debug|ARM.ActiveCfg = Debug|ARM
		{4A29D9AD-AD16-418E-A516-A5BE0AA6E6F4}.Debug|ARM.Build.0 = Debug|ARM
		{4A29D9AD-AD16-418E-A516-A5BE0AA6E6F4}.Debug|ARM.Deploy.0 = Debug|ARM
		{4A29D9AD-AD16-418E-A516-A5BE0AA6E6F4}.Debug|iPhone.ActiveCfg = Debug|x86
		{4A29D9AD-AD16-418E-A516-A5BE0AA6E6F4}.Debug|iPhoneSimulator.ActiveCfg = Debug|x86
		{4A29D9AD-AD16-418E-A516-A5BE0AA6E6F4}.Debug|x64.ActiveCfg = Debug|x64
		{4A29D9AD-AD16-418E-A516-A5BE0AA6E6F4}.Debug|x64.Build.0 = Debug|x64
		{4A29D9AD-AD16-418E-A516-A5BE0AA6E6F4}.Debug|x64.Deploy.0 = Debug|x64
		{4A29D9AD-AD16-418E-A516-A5BE0AA6E6F4}.Debug|x86.ActiveCfg = Debug|x86
		{4A29D9AD-AD16-418E-A516-A5BE0AA6E6F4}.Debug|x86.Build.0 = Debug|x86
		{4A29D9AD-AD16-418E-A516-A5BE0AA6E6F4}.Debug|x86.Deploy.0 = Debug|x86
		{4A29D9AD-AD16-418E-A516-A5BE0AA6E6F4}.Release|Any CPU.ActiveCfg = Release|x86
		{4A29D9AD-AD16-418E-A516-A5BE0AA6E6F4}.Release|ARM.ActiveCfg = Release|ARM
		{4A29D9AD-AD16-418E-A516-A5BE0AA6E6F4}.Release|ARM.Build.0 = Release|ARM
		{4A29D9AD-AD16-418E-A516-A5BE0AA6E6F4}.Release|ARM.Deploy.0 = Release|ARM
		{4A29D9AD-AD16-418E-A516-A5BE0AA6E6F4}.Release|iPhone.ActiveCfg = Release|x86
		{4A29D9AD-AD16-418E-A516-A5BE0AA6E6F4}.Release|iPhoneSimulator.ActiveCfg = Release|x86
		{4A29D9AD-AD16-418E-A516-A5BE0AA6E6F4}.Release|x64.ActiveCfg = Release|x64
		{4A29D9AD-AD16-418E-A516-A5BE0AA6E6F4}.Release|x64.Build.0 = Release|x64
		{4A29D9AD-AD16-418E-A516-A5BE0AA6E6F4}.Release|x64.Deploy.0 = Release|x64
		{4A29D9AD-AD16-418E-A516-A5BE0AA6E6F4}.Release|x86.ActiveCfg = Release|x86
		{4A29D9AD-AD16-418E-A516-A5BE0AA6E6F4}.Release|x86.Build.0 = Release|x86
		{4A29D9AD-AD16-418E-A516-A5BE0AA6E6F4}.Release|x86.Deploy.0 = Release|x86
		{51E5322C-91AD-47F1-9F17-372290516A9B}.Ad-Hoc|Any CPU.ActiveCfg = Release|Any CPU
		{51E5322C-91AD-47F1-9F17-372290516A9B}.Ad-Hoc|Any CPU.Build.0 = Release|Any CPU
		{51E5322C-91AD-47F1-9F17-372290516A9B}.Ad-Hoc|Any CPU.Deploy.0 = Release|Any CPU
		{51E5322C-91AD-47F1-9F17-372290516A9B}.Ad-Hoc|ARM.ActiveCfg = Release|ARM
		{51E5322C-91AD-47F1-9F17-372290516A9B}.Ad-Hoc|ARM.Build.0 = Release|ARM
		{51E5322C-91AD-47F1-9F17-372290516A9B}.Ad-Hoc|ARM.Deploy.0 = Release|ARM
		{51E5322C-91AD-47F1-9F17-372290516A9B}.Ad-Hoc|iPhone.ActiveCfg = Release|Any CPU
		{51E5322C-91AD-47F1-9F17-372290516A9B}.Ad-Hoc|iPhone.Build.0 = Release|Any CPU
		{51E5322C-91AD-47F1-9F17-372290516A9B}.Ad-Hoc|iPhone.Deploy.0 = Release|Any CPU
		{51E5322C-91AD-47F1-9F17-372290516A9B}.Ad-Hoc|iPhoneSimulator.ActiveCfg = Release|Any CPU
		{51E5322C-91AD-47F1-9F17-372290516A9B}.Ad-Hoc|iPhoneSimulator.Build.0 = Release|Any CPU
		{51E5322C-91AD-47F1-9F17-372290516A9B}.Ad-Hoc|iPhoneSimulator.Deploy.0 = Release|Any CPU
		{51E5322C-91AD-47F1-9F17-372290516A9B}.Ad-Hoc|x64.ActiveCfg = Release|x64
		{51E5322C-91AD-47F1-9F17-372290516A9B}.Ad-Hoc|x64.Build.0 = Release|x64
		{51E5322C-91AD-47F1-9F17-372290516A9B}.Ad-Hoc|x64.Deploy.0 = Release|x64
		{51E5322C-91AD-47F1-9F17-372290516A9B}.Ad-Hoc|x86.ActiveCfg = Release|x86
		{51E5322C-91AD-47F1-9F17-372290516A9B}.Ad-Hoc|x86.Build.0 = Release|x86
		{51E5322C-91AD-47F1-9F17-372290516A9B}.Ad-Hoc|x86.Deploy.0 = Release|x86
		{51E5322C-91AD-47F1-9F17-372290516A9B}.AppStore|Any CPU.ActiveCfg = Release|Any CPU
		{51E5322C-91AD-47F1-9F17-372290516A9B}.AppStore|Any CPU.Build.0 = Release|Any CPU
		{51E5322C-91AD-47F1-9F17-372290516A9B}.AppStore|Any CPU.Deploy.0 = Release|Any CPU
		{51E5322C-91AD-47F1-9F17-372290516A9B}.AppStore|ARM.ActiveCfg = Release|ARM
		{51E5322C-91AD-47F1-9F17-372290516A9B}.AppStore|ARM.Build.0 = Release|ARM
		{51E5322C-91AD-47F1-9F17-372290516A9B}.AppStore|ARM.Deploy.0 = Release|ARM
		{51E5322C-91AD-47F1-9F17-372290516A9B}.AppStore|iPhone.ActiveCfg = Release|Any CPU
		{51E5322C-91AD-47F1-9F17-372290516A9B}.AppStore|iPhone.Build.0 = Release|Any CPU
		{51E5322C-91AD-47F1-9F17-372290516A9B}.AppStore|iPhone.Deploy.0 = Release|Any CPU
		{51E5322C-91AD-47F1-9F17-372290516A9B}.AppStore|iPhoneSimulator.ActiveCfg = Release|Any CPU
		{51E5322C-91AD-47F1-9F17-372290516A9B}.AppStore|iPhoneSimulator.Build.0 = Release|Any CPU
		{51E5322C-91AD-47F1-9F17-372290516A9B}.AppStore|iPhoneSimulator.Deploy.0 = Release|Any CPU
		{51E5322C-91AD-47F1-9F17-372290516A9B}.AppStore|x64.ActiveCfg = Release|x64
		{51E5322C-91AD-47F1-9F17-372290516A9B}.AppStore|x64.Build.0 = Release|x64
		{51E5322C-91AD-47F1-9F17-372290516A9B}.AppStore|x64.Deploy.0 = Release|x64
		{51E5322C-91AD-47F1-9F17-372290516A9B}.AppStore|x86.ActiveCfg = Release|x86
		{51E5322C-91AD-47F1-9F17-372290516A9B}.AppStore|x86.Build.0 = Release|x86
		{51E5322C-91AD-47F1-9F17-372290516A9B}.AppStore|x86.Deploy.0 = Release|x86
		{51E5322C-91AD-47F1-9F17-372290516A9B}.Debug|Any CPU.ActiveCfg = Debug|Any CPU
		{51E5322C-91AD-47F1-9F17-372290516A9B}.Debug|ARM.ActiveCfg = Debug|ARM
		{51E5322C-91AD-47F1-9F17-372290516A9B}.Debug|ARM.Build.0 = Debug|ARM
		{51E5322C-91AD-47F1-9F17-372290516A9B}.Debug|ARM.Deploy.0 = Debug|ARM
		{51E5322C-91AD-47F1-9F17-372290516A9B}.Debug|iPhone.ActiveCfg = Debug|Any CPU
		{51E5322C-91AD-47F1-9F17-372290516A9B}.Debug|iPhone.Build.0 = Debug|Any CPU
		{51E5322C-91AD-47F1-9F17-372290516A9B}.Debug|iPhone.Deploy.0 = Debug|Any CPU
		{51E5322C-91AD-47F1-9F17-372290516A9B}.Debug|iPhoneSimulator.ActiveCfg = Debug|Any CPU
		{51E5322C-91AD-47F1-9F17-372290516A9B}.Debug|iPhoneSimulator.Build.0 = Debug|Any CPU
		{51E5322C-91AD-47F1-9F17-372290516A9B}.Debug|iPhoneSimulator.Deploy.0 = Debug|Any CPU
		{51E5322C-91AD-47F1-9F17-372290516A9B}.Debug|x64.ActiveCfg = Debug|x64
		{51E5322C-91AD-47F1-9F17-372290516A9B}.Debug|x64.Build.0 = Debug|x64
		{51E5322C-91AD-47F1-9F17-372290516A9B}.Debug|x64.Deploy.0 = Debug|x64
		{51E5322C-91AD-47F1-9F17-372290516A9B}.Debug|x86.ActiveCfg = Debug|x86
		{51E5322C-91AD-47F1-9F17-372290516A9B}.Debug|x86.Build.0 = Debug|x86
		{51E5322C-91AD-47F1-9F17-372290516A9B}.Debug|x86.Deploy.0 = Debug|x86
		{51E5322C-91AD-47F1-9F17-372290516A9B}.Release|Any CPU.ActiveCfg = Release|Any CPU
		{51E5322C-91AD-47F1-9F17-372290516A9B}.Release|Any CPU.Build.0 = Release|Any CPU
		{51E5322C-91AD-47F1-9F17-372290516A9B}.Release|Any CPU.Deploy.0 = Release|Any CPU
		{51E5322C-91AD-47F1-9F17-372290516A9B}.Release|ARM.ActiveCfg = Release|ARM
		{51E5322C-91AD-47F1-9F17-372290516A9B}.Release|ARM.Build.0 = Release|ARM
		{51E5322C-91AD-47F1-9F17-372290516A9B}.Release|ARM.Deploy.0 = Release|ARM
		{51E5322C-91AD-47F1-9F17-372290516A9B}.Release|iPhone.ActiveCfg = Release|Any CPU
		{51E5322C-91AD-47F1-9F17-372290516A9B}.Release|iPhone.Build.0 = Release|Any CPU
		{51E5322C-91AD-47F1-9F17-372290516A9B}.Release|iPhone.Deploy.0 = Release|Any CPU
		{51E5322C-91AD-47F1-9F17-372290516A9B}.Release|iPhoneSimulator.ActiveCfg = Release|Any CPU
		{51E5322C-91AD-47F1-9F17-372290516A9B}.Release|iPhoneSimulator.Build.0 = Release|Any CPU
		{51E5322C-91AD-47F1-9F17-372290516A9B}.Release|iPhoneSimulator.Deploy.0 = Release|Any CPU
		{51E5322C-91AD-47F1-9F17-372290516A9B}.Release|x64.ActiveCfg = Release|x64
		{51E5322C-91AD-47F1-9F17-372290516A9B}.Release|x64.Build.0 = Release|x64
		{51E5322C-91AD-47F1-9F17-372290516A9B}.Release|x64.Deploy.0 = Release|x64
		{51E5322C-91AD-47F1-9F17-372290516A9B}.Release|x86.ActiveCfg = Release|x86
		{51E5322C-91AD-47F1-9F17-372290516A9B}.Release|x86.Build.0 = Release|x86
		{51E5322C-91AD-47F1-9F17-372290516A9B}.Release|x86.Deploy.0 = Release|x86
		{0C5E136B-06CF-4BBE-B6F4-9EE98DCF2BAC}.Ad-Hoc|Any CPU.ActiveCfg = Release|Any CPU
		{0C5E136B-06CF-4BBE-B6F4-9EE98DCF2BAC}.Ad-Hoc|Any CPU.Build.0 = Release|Any CPU
		{0C5E136B-06CF-4BBE-B6F4-9EE98DCF2BAC}.Ad-Hoc|ARM.ActiveCfg = Release|Any CPU
		{0C5E136B-06CF-4BBE-B6F4-9EE98DCF2BAC}.Ad-Hoc|ARM.Build.0 = Release|Any CPU
		{0C5E136B-06CF-4BBE-B6F4-9EE98DCF2BAC}.Ad-Hoc|iPhone.ActiveCfg = Release|Any CPU
		{0C5E136B-06CF-4BBE-B6F4-9EE98DCF2BAC}.Ad-Hoc|iPhone.Build.0 = Release|Any CPU
		{0C5E136B-06CF-4BBE-B6F4-9EE98DCF2BAC}.Ad-Hoc|iPhoneSimulator.ActiveCfg = Release|Any CPU
		{0C5E136B-06CF-4BBE-B6F4-9EE98DCF2BAC}.Ad-Hoc|iPhoneSimulator.Build.0 = Release|Any CPU
		{0C5E136B-06CF-4BBE-B6F4-9EE98DCF2BAC}.Ad-Hoc|x64.ActiveCfg = Release|Any CPU
		{0C5E136B-06CF-4BBE-B6F4-9EE98DCF2BAC}.Ad-Hoc|x64.Build.0 = Release|Any CPU
		{0C5E136B-06CF-4BBE-B6F4-9EE98DCF2BAC}.Ad-Hoc|x86.ActiveCfg = Release|Any CPU
		{0C5E136B-06CF-4BBE-B6F4-9EE98DCF2BAC}.Ad-Hoc|x86.Build.0 = Release|Any CPU
		{0C5E136B-06CF-4BBE-B6F4-9EE98DCF2BAC}.AppStore|Any CPU.ActiveCfg = Release|Any CPU
		{0C5E136B-06CF-4BBE-B6F4-9EE98DCF2BAC}.AppStore|Any CPU.Build.0 = Release|Any CPU
		{0C5E136B-06CF-4BBE-B6F4-9EE98DCF2BAC}.AppStore|ARM.ActiveCfg = Release|Any CPU
		{0C5E136B-06CF-4BBE-B6F4-9EE98DCF2BAC}.AppStore|ARM.Build.0 = Release|Any CPU
		{0C5E136B-06CF-4BBE-B6F4-9EE98DCF2BAC}.AppStore|iPhone.ActiveCfg = Release|Any CPU
		{0C5E136B-06CF-4BBE-B6F4-9EE98DCF2BAC}.AppStore|iPhone.Build.0 = Release|Any CPU
		{0C5E136B-06CF-4BBE-B6F4-9EE98DCF2BAC}.AppStore|iPhoneSimulator.ActiveCfg = Release|Any CPU
		{0C5E136B-06CF-4BBE-B6F4-9EE98DCF2BAC}.AppStore|iPhoneSimulator.Build.0 = Release|Any CPU
		{0C5E136B-06CF-4BBE-B6F4-9EE98DCF2BAC}.AppStore|x64.ActiveCfg = Release|Any CPU
		{0C5E136B-06CF-4BBE-B6F4-9EE98DCF2BAC}.AppStore|x64.Build.0 = Release|Any CPU
		{0C5E136B-06CF-4BBE-B6F4-9EE98DCF2BAC}.AppStore|x86.ActiveCfg = Release|Any CPU
		{0C5E136B-06CF-4BBE-B6F4-9EE98DCF2BAC}.AppStore|x86.Build.0 = Release|Any CPU
		{0C5E136B-06CF-4BBE-B6F4-9EE98DCF2BAC}.Debug|Any CPU.ActiveCfg = Debug|Any CPU
		{0C5E136B-06CF-4BBE-B6F4-9EE98DCF2BAC}.Debug|Any CPU.Build.0 = Debug|Any CPU
		{0C5E136B-06CF-4BBE-B6F4-9EE98DCF2BAC}.Debug|ARM.ActiveCfg = Debug|Any CPU
		{0C5E136B-06CF-4BBE-B6F4-9EE98DCF2BAC}.Debug|ARM.Build.0 = Debug|Any CPU
		{0C5E136B-06CF-4BBE-B6F4-9EE98DCF2BAC}.Debug|iPhone.ActiveCfg = Debug|Any CPU
		{0C5E136B-06CF-4BBE-B6F4-9EE98DCF2BAC}.Debug|iPhone.Build.0 = Debug|Any CPU
		{0C5E136B-06CF-4BBE-B6F4-9EE98DCF2BAC}.Debug|iPhoneSimulator.ActiveCfg = Debug|Any CPU
		{0C5E136B-06CF-4BBE-B6F4-9EE98DCF2BAC}.Debug|iPhoneSimulator.Build.0 = Debug|Any CPU
		{0C5E136B-06CF-4BBE-B6F4-9EE98DCF2BAC}.Debug|x64.ActiveCfg = Debug|Any CPU
		{0C5E136B-06CF-4BBE-B6F4-9EE98DCF2BAC}.Debug|x64.Build.0 = Debug|Any CPU
		{0C5E136B-06CF-4BBE-B6F4-9EE98DCF2BAC}.Debug|x86.ActiveCfg = Debug|Any CPU
		{0C5E136B-06CF-4BBE-B6F4-9EE98DCF2BAC}.Debug|x86.Build.0 = Debug|Any CPU
		{0C5E136B-06CF-4BBE-B6F4-9EE98DCF2BAC}.Release|Any CPU.ActiveCfg = Release|Any CPU
		{0C5E136B-06CF-4BBE-B6F4-9EE98DCF2BAC}.Release|Any CPU.Build.0 = Release|Any CPU
		{0C5E136B-06CF-4BBE-B6F4-9EE98DCF2BAC}.Release|ARM.ActiveCfg = Release|Any CPU
		{0C5E136B-06CF-4BBE-B6F4-9EE98DCF2BAC}.Release|ARM.Build.0 = Release|Any CPU
		{0C5E136B-06CF-4BBE-B6F4-9EE98DCF2BAC}.Release|iPhone.ActiveCfg = Release|Any CPU
		{0C5E136B-06CF-4BBE-B6F4-9EE98DCF2BAC}.Release|iPhone.Build.0 = Release|Any CPU
		{0C5E136B-06CF-4BBE-B6F4-9EE98DCF2BAC}.Release|iPhoneSimulator.ActiveCfg = Release|Any CPU
		{0C5E136B-06CF-4BBE-B6F4-9EE98DCF2BAC}.Release|iPhoneSimulator.Build.0 = Release|Any CPU
		{0C5E136B-06CF-4BBE-B6F4-9EE98DCF2BAC}.Release|x64.ActiveCfg = Release|Any CPU
		{0C5E136B-06CF-4BBE-B6F4-9EE98DCF2BAC}.Release|x64.Build.0 = Release|Any CPU
		{0C5E136B-06CF-4BBE-B6F4-9EE98DCF2BAC}.Release|x86.ActiveCfg = Release|Any CPU
		{0C5E136B-06CF-4BBE-B6F4-9EE98DCF2BAC}.Release|x86.Build.0 = Release|Any CPU
	EndGlobalSection
	GlobalSection(SolutionProperties) = preSolution
		HideSolutionNode = FALSE
	EndGlobalSection
EndGlobal
